{
  "object": {
    "pins": [
      {
        "package": "UUSwiftTestCore",
        "repositoryURL": "https://github.com/SilverPineSoftware/UUSwiftTestCore.git",
        "state": {
          "branch": null,
          "revision": "4078565d81552bd02ee000105abb9930e7fddfbe",
          "version": "0.0.4"
        }
      }
    ]
  },
  "version": 1
}
